// !$*UTF8*$!
{
	archiveVersion = 1;
	classes = {
	};
	objectVersion = 50;
	objects = {

/* Begin PBXBuildFile section */
		DE07C72325D181E100BD7021 /* BluetoothManager.swift in Sources */ = {isa = PBXBuildFile; fileRef = DE07C72225D181E100BD7021 /* BluetoothManager.swift */; };
		DE147D5725D3FC70000B77C8 /* PassFlowDelegate.swift in Sources */ = {isa = PBXBuildFile; fileRef = DE147D5625D3FC70000B77C8 /* PassFlowDelegate.swift */; };
		DE147D7225D41109000B77C8 /* MapView.swift in Sources */ = {isa = PBXBuildFile; fileRef = DE147D7125D41109000B77C8 /* MapView.swift */; };
		DE14A07625CF4C9200F8B8B3 /* MobilePassSDK.h in Headers */ = {isa = PBXBuildFile; fileRef = DE14A07425CF4C9200F8B8B3 /* MobilePassSDK.h */; settings = {ATTRIBUTES = (Public, ); }; };
		DE14A09A25D11C9500F8B8B3 /* MobilePass.swift in Sources */ = {isa = PBXBuildFile; fileRef = DE14A09925D11C9500F8B8B3 /* MobilePass.swift */; };
		DE14A09E25D11DCB00F8B8B3 /* CryptoManager.swift in Sources */ = {isa = PBXBuildFile; fileRef = DE14A09D25D11DCB00F8B8B3 /* CryptoManager.swift */; };
		DE14A0A325D11F7400F8B8B3 /* CryptoKeyPair.swift in Sources */ = {isa = PBXBuildFile; fileRef = DE14A0A225D11F7400F8B8B3 /* CryptoKeyPair.swift */; };
		DE19DF2525DA345300AB250C /* MobilePassDelegate.swift in Sources */ = {isa = PBXBuildFile; fileRef = DE19DF2425DA345300AB250C /* MobilePassDelegate.swift */; };
		DE19DF2D25DA3EB700AB250C /* DelegateManager.swift in Sources */ = {isa = PBXBuildFile; fileRef = DE19DF2C25DA3EB700AB250C /* DelegateManager.swift */; };
		DE27229D25D86E8900E1F8F7 /* QRCodeReaderView.swift in Sources */ = {isa = PBXBuildFile; fileRef = DE27229C25D86E8800E1F8F7 /* QRCodeReaderView.swift */; };
		DE2722A025D871EC00E1F8F7 /* ScanQRCodeView.swift in Sources */ = {isa = PBXBuildFile; fileRef = DE27229F25D871EC00E1F8F7 /* ScanQRCodeView.swift */; };
		DE2B22EA25D3C9A0003F0451 /* StatusView.swift in Sources */ = {isa = PBXBuildFile; fileRef = DE2B22E925D3C9A0003F0451 /* StatusView.swift */; };
		DE30AAF026CCF42700F015C5 /* QRCodeMatch.swift in Sources */ = {isa = PBXBuildFile; fileRef = DE30AAEF26CCF42700F015C5 /* QRCodeMatch.swift */; };
		DE30E52725DD15CD004CAED2 /* Configuration.swift in Sources */ = {isa = PBXBuildFile; fileRef = DE30E52625DD15CD004CAED2 /* Configuration.swift */; };
		DE30E52B25DD182F004CAED2 /* ConfigurationManager.swift in Sources */ = {isa = PBXBuildFile; fileRef = DE30E52A25DD182F004CAED2 /* ConfigurationManager.swift */; };
		DE30E53325DD38FD004CAED2 /* RequestPagination.swift in Sources */ = {isa = PBXBuildFile; fileRef = DE30E53225DD38FD004CAED2 /* RequestPagination.swift */; };
		DE30E53725DD393D004CAED2 /* RequestSetUserData.swift in Sources */ = {isa = PBXBuildFile; fileRef = DE30E53625DD393D004CAED2 /* RequestSetUserData.swift */; };
		DE30E53A25DD397F004CAED2 /* RequestAccess.swift in Sources */ = {isa = PBXBuildFile; fileRef = DE30E53925DD397F004CAED2 /* RequestAccess.swift */; };
		DE30E53E25DD39F6004CAED2 /* Direction.swift in Sources */ = {isa = PBXBuildFile; fileRef = DE30E53D25DD39F6004CAED2 /* Direction.swift */; };
		DE30E54225DD3AB3004CAED2 /* ResponsePagination.swift in Sources */ = {isa = PBXBuildFile; fileRef = DE30E54125DD3AB3004CAED2 /* ResponsePagination.swift */; };
		DE30E55425DD3C26004CAED2 /* QRTriggerType.swift in Sources */ = {isa = PBXBuildFile; fileRef = DE30E55325DD3C26004CAED2 /* QRTriggerType.swift */; };
		DE30E55F25DD43A4004CAED2 /* DataService.swift in Sources */ = {isa = PBXBuildFile; fileRef = DE30E55E25DD43A4004CAED2 /* DataService.swift */; };
		DE30E56225DD4565004CAED2 /* ResponseDefault.swift in Sources */ = {isa = PBXBuildFile; fileRef = DE30E56125DD4565004CAED2 /* ResponseDefault.swift */; };
		DE3BBF7725DE862E00963B80 /* QRCodeContent.swift in Sources */ = {isa = PBXBuildFile; fileRef = DE3BBF7625DE862E00963B80 /* QRCodeContent.swift */; };
		DE3C747125E3A200002B4E47 /* Localizable.strings in Resources */ = {isa = PBXBuildFile; fileRef = DE3C747325E3A200002B4E47 /* Localizable.strings */; };
		DE45B1A126C97E0400FB8712 /* ResponseAccessPointList.swift in Sources */ = {isa = PBXBuildFile; fileRef = DE45B1A026C97E0400FB8712 /* ResponseAccessPointList.swift */; };
		DE45B1A326C97E1900FB8712 /* ResponseAccessPointListItem.swift in Sources */ = {isa = PBXBuildFile; fileRef = DE45B1A226C97E1900FB8712 /* ResponseAccessPointListItem.swift */; };
		DE45B1A526C97E4600FB8712 /* ResponseAccessPointListGeoLocation.swift in Sources */ = {isa = PBXBuildFile; fileRef = DE45B1A426C97E4600FB8712 /* ResponseAccessPointListGeoLocation.swift */; };
		DE45B1A726C97E5800FB8712 /* ResponseAccessPointListTerminal.swift in Sources */ = {isa = PBXBuildFile; fileRef = DE45B1A626C97E5800FB8712 /* ResponseAccessPointListTerminal.swift */; };
		DE45B1A926C97E6800FB8712 /* ResponseAccessPointListQRCode.swift in Sources */ = {isa = PBXBuildFile; fileRef = DE45B1A826C97E6800FB8712 /* ResponseAccessPointListQRCode.swift */; };
		DE45B1AB26C985A500FB8712 /* QRCodeListStateDelegate.swift in Sources */ = {isa = PBXBuildFile; fileRef = DE45B1AA26C985A500FB8712 /* QRCodeListStateDelegate.swift */; };
		DE46BB8225E2A971006A727A /* QRCodeListState.swift in Sources */ = {isa = PBXBuildFile; fileRef = DE46BB8125E2A971006A727A /* QRCodeListState.swift */; };
		DE4B4CDF27AA81FF004CA0AF /* QRCodeScannerDelegate.swift in Sources */ = {isa = PBXBuildFile; fileRef = DE4B4CDE27AA81FF004CA0AF /* QRCodeScannerDelegate.swift */; };
		DE57D5AF25DCDE700099D8AB /* LogManager.swift in Sources */ = {isa = PBXBuildFile; fileRef = DE57D5AE25DCDE700099D8AB /* LogManager.swift */; };
		DE79EE7025D8899400D8C072 /* Images.xcassets in Resources */ = {isa = PBXBuildFile; fileRef = DE79EE6F25D8899400D8C072 /* Images.xcassets */; };
		DE79EEAA25D9986100D8C072 /* PassFlowController.swift in Sources */ = {isa = PBXBuildFile; fileRef = DE79EEA925D9986100D8C072 /* PassFlowController.swift */; };
		DE79EEAE25D9988300D8C072 /* PassFlowView.swift in Sources */ = {isa = PBXBuildFile; fileRef = DE79EEAD25D9988300D8C072 /* PassFlowView.swift */; };
		DE90899D26B1FB4500C33845 /* PermissionView.swift in Sources */ = {isa = PBXBuildFile; fileRef = DE90899C26B1FB4500C33845 /* PermissionView.swift */; };
		DE90899F26B2BA5B00C33845 /* NeedPermissionType.swift in Sources */ = {isa = PBXBuildFile; fileRef = DE90899E26B2BA5B00C33845 /* NeedPermissionType.swift */; };
		DE9089A126B301F200C33845 /* ResponseMessage.swift in Sources */ = {isa = PBXBuildFile; fileRef = DE9089A026B301F200C33845 /* ResponseMessage.swift */; };
		DEB3115F25EC2F0500DD91AF /* BLEScanConfiguration.swift in Sources */ = {isa = PBXBuildFile; fileRef = DEB3115E25EC2F0500DD91AF /* BLEScanConfiguration.swift */; };
		DEB3116225EC2F6D00DD91AF /* DeviceConnection.swift in Sources */ = {isa = PBXBuildFile; fileRef = DEB3116125EC2F6D00DD91AF /* DeviceConnection.swift */; };
		DEB3116625EC2F9A00DD91AF /* DeviceConnectionStatus.swift in Sources */ = {isa = PBXBuildFile; fileRef = DEB3116525EC2F9A00DD91AF /* DeviceConnectionStatus.swift */; };
		DEB3116925EC2FB600DD91AF /* DeviceInRange.swift in Sources */ = {isa = PBXBuildFile; fileRef = DEB3116825EC2FB600DD91AF /* DeviceInRange.swift */; };
		DEB3116C25EC2FD900DD91AF /* DeviceCapability.swift in Sources */ = {isa = PBXBuildFile; fileRef = DEB3116B25EC2FD900DD91AF /* DeviceCapability.swift */; };
		DECEC29126CE50A700280603 /* ConfigurationDefaults.swift in Sources */ = {isa = PBXBuildFile; fileRef = DECEC29026CE50A700280603 /* ConfigurationDefaults.swift */; };
		DECEC29326CFF35E00280603 /* LogCodes.swift in Sources */ = {isa = PBXBuildFile; fileRef = DECEC29226CFF35E00280603 /* LogCodes.swift */; };
		DED2AE1C289016E600CDF0FB /* PassResult.swift in Sources */ = {isa = PBXBuildFile; fileRef = DED2AE1B289016E600CDF0FB /* PassResult.swift */; };
		DED2AE1E2890355000CDF0FB /* ResponseAccessPointListClubInfo.swift in Sources */ = {isa = PBXBuildFile; fileRef = DED2AE1D2890355000CDF0FB /* ResponseAccessPointListClubInfo.swift */; };
		DEEF5AC9263172B5006004DD /* DeviceConnectionInfo.swift in Sources */ = {isa = PBXBuildFile; fileRef = DEEF5AC8263172B5006004DD /* DeviceConnectionInfo.swift */; };
		DEEFD88126CDACDA00E2E4F9 /* LogLevel.swift in Sources */ = {isa = PBXBuildFile; fileRef = DEEFD88026CDACDA00E2E4F9 /* LogLevel.swift */; };
		DEEFD88326CDAD1E00E2E4F9 /* LogItem.swift in Sources */ = {isa = PBXBuildFile; fileRef = DEEFD88226CDAD1E00E2E4F9 /* LogItem.swift */; };
		DEEFD88526CDAEBF00E2E4F9 /* Date+Extensions.swift in Sources */ = {isa = PBXBuildFile; fileRef = DEEFD88426CDAEBF00E2E4F9 /* Date+Extensions.swift */; };
		DEF0BF8425D2868500397D18 /* Data+Extensions.swift in Sources */ = {isa = PBXBuildFile; fileRef = DEF0BF8325D2868500397D18 /* Data+Extensions.swift */; };
		DEF0BF8725D286A600397D18 /* String+Extensions.swift in Sources */ = {isa = PBXBuildFile; fileRef = DEF0BF8625D286A600397D18 /* String+Extensions.swift */; };
		DEF0BF9025D28C7E00397D18 /* PacketHeaders.swift in Sources */ = {isa = PBXBuildFile; fileRef = DEF0BF8F25D28C7E00397D18 /* PacketHeaders.swift */; };
		DEF0BF9425D28CA100397D18 /* StorageKeys.swift in Sources */ = {isa = PBXBuildFile; fileRef = DEF0BF9325D28CA100397D18 /* StorageKeys.swift */; };
		DEF0BF9725D28D3000397D18 /* DataTypes.swift in Sources */ = {isa = PBXBuildFile; fileRef = DEF0BF9625D28D3000397D18 /* DataTypes.swift */; };
		DEF0BF9A25D28D8F00397D18 /* DataParserUtil.swift in Sources */ = {isa = PBXBuildFile; fileRef = DEF0BF9925D28D8F00397D18 /* DataParserUtil.swift */; };
		DEF0BF9D25D28FB100397D18 /* BLEDataContent.swift in Sources */ = {isa = PBXBuildFile; fileRef = DEF0BF9C25D28FB100397D18 /* BLEDataContent.swift */; };
		DEF0BFA025D290E300397D18 /* BLEDataParseFormat.swift in Sources */ = {isa = PBXBuildFile; fileRef = DEF0BF9F25D290E300397D18 /* BLEDataParseFormat.swift */; };
		DEF0BFA325D292C100397D18 /* UUIDs.swift in Sources */ = {isa = PBXBuildFile; fileRef = DEF0BFA225D292C100397D18 /* UUIDs.swift */; };
		DEF0BFA625D29E7600397D18 /* StorageManager.swift in Sources */ = {isa = PBXBuildFile; fileRef = DEF0BFA525D29E7600397D18 /* StorageManager.swift */; };
		DEF0BFA925D2A0C100397D18 /* JSONUtil.swift in Sources */ = {isa = PBXBuildFile; fileRef = DEF0BFA825D2A0C100397D18 /* JSONUtil.swift */; };
		DEF0BFAC25D2A2B900397D18 /* ActionError.swift in Sources */ = {isa = PBXBuildFile; fileRef = DEF0BFAB25D2A2B900397D18 /* ActionError.swift */; };
		DEF0BFB325D2AACA00397D18 /* StorageDataDevice.swift in Sources */ = {isa = PBXBuildFile; fileRef = DEF0BFB225D2AACA00397D18 /* StorageDataDevice.swift */; };
		DEF0BFB625D2AAF600397D18 /* StorageDataUserDetails.swift in Sources */ = {isa = PBXBuildFile; fileRef = DEF0BFB525D2AAF600397D18 /* StorageDataUserDetails.swift */; };
		DEF0BFBB25D2CB7E00397D18 /* BaseService.swift in Sources */ = {isa = PBXBuildFile; fileRef = DEF0BFBA25D2CB7E00397D18 /* BaseService.swift */; };
		DEF0BFC025D2CD1400397D18 /* RequestError.swift in Sources */ = {isa = PBXBuildFile; fileRef = DEF0BFBF25D2CD1400397D18 /* RequestError.swift */; };
		DEF0BFC425D2D10D00397D18 /* AccessPointService.swift in Sources */ = {isa = PBXBuildFile; fileRef = DEF0BFC325D2D10D00397D18 /* AccessPointService.swift */; };
		DEFAD85225E8E8E500E63283 /* Int+Extensions.swift in Sources */ = {isa = PBXBuildFile; fileRef = DEFAD85125E8E8E500E63283 /* Int+Extensions.swift */; };
		DEFEC1A52A28C0F5002899F3 /* PassFlowResultCode.swift in Sources */ = {isa = PBXBuildFile; fileRef = DEFEC1A42A28C0F5002899F3 /* PassFlowResultCode.swift */; };
		DEFEC1A72A28C175002899F3 /* PassFlowStateCode.swift in Sources */ = {isa = PBXBuildFile; fileRef = DEFEC1A62A28C175002899F3 /* PassFlowStateCode.swift */; };
		DEFEC1A92A28C223002899F3 /* PassFlowState.swift in Sources */ = {isa = PBXBuildFile; fileRef = DEFEC1A82A28C223002899F3 /* PassFlowState.swift */; };
		DEFEC1AB2A28C2DA002899F3 /* PassFlowResult.swift in Sources */ = {isa = PBXBuildFile; fileRef = DEFEC1AA2A28C2DA002899F3 /* PassFlowResult.swift */; };
		DEFEC1AD2A28C37B002899F3 /* PassFlowManager.swift in Sources */ = {isa = PBXBuildFile; fileRef = DEFEC1AC2A28C37B002899F3 /* PassFlowManager.swift */; };
/* End PBXBuildFile section */

/* Begin PBXFileReference section */
		DE07C72225D181E100BD7021 /* BluetoothManager.swift */ = {isa = PBXFileReference; lastKnownFileType = sourcecode.swift; path = BluetoothManager.swift; sourceTree = "<group>"; };
		DE147D5625D3FC70000B77C8 /* PassFlowDelegate.swift */ = {isa = PBXFileReference; lastKnownFileType = sourcecode.swift; path = PassFlowDelegate.swift; sourceTree = "<group>"; };
		DE147D7125D41109000B77C8 /* MapView.swift */ = {isa = PBXFileReference; lastKnownFileType = sourcecode.swift; path = MapView.swift; sourceTree = "<group>"; };
		DE14A07125CF4C9200F8B8B3 /* MobilePassSDK.framework */ = {isa = PBXFileReference; explicitFileType = wrapper.framework; includeInIndex = 0; path = MobilePassSDK.framework; sourceTree = BUILT_PRODUCTS_DIR; };
		DE14A07425CF4C9200F8B8B3 /* MobilePassSDK.h */ = {isa = PBXFileReference; lastKnownFileType = sourcecode.c.h; path = MobilePassSDK.h; sourceTree = "<group>"; };
		DE14A07525CF4C9200F8B8B3 /* Info.plist */ = {isa = PBXFileReference; lastKnownFileType = text.plist.xml; path = Info.plist; sourceTree = "<group>"; };
		DE14A09925D11C9500F8B8B3 /* MobilePass.swift */ = {isa = PBXFileReference; lastKnownFileType = sourcecode.swift; path = MobilePass.swift; sourceTree = "<group>"; };
		DE14A09D25D11DCB00F8B8B3 /* CryptoManager.swift */ = {isa = PBXFileReference; lastKnownFileType = sourcecode.swift; path = CryptoManager.swift; sourceTree = "<group>"; };
		DE14A0A225D11F7400F8B8B3 /* CryptoKeyPair.swift */ = {isa = PBXFileReference; lastKnownFileType = sourcecode.swift; path = CryptoKeyPair.swift; sourceTree = "<group>"; };
		DE19DF2425DA345300AB250C /* MobilePassDelegate.swift */ = {isa = PBXFileReference; lastKnownFileType = sourcecode.swift; path = MobilePassDelegate.swift; sourceTree = "<group>"; };
		DE19DF2C25DA3EB700AB250C /* DelegateManager.swift */ = {isa = PBXFileReference; lastKnownFileType = sourcecode.swift; path = DelegateManager.swift; sourceTree = "<group>"; };
		DE27229C25D86E8800E1F8F7 /* QRCodeReaderView.swift */ = {isa = PBXFileReference; lastKnownFileType = sourcecode.swift; path = QRCodeReaderView.swift; sourceTree = "<group>"; };
		DE27229F25D871EC00E1F8F7 /* ScanQRCodeView.swift */ = {isa = PBXFileReference; lastKnownFileType = sourcecode.swift; path = ScanQRCodeView.swift; sourceTree = "<group>"; };
		DE2B22E925D3C9A0003F0451 /* StatusView.swift */ = {isa = PBXFileReference; lastKnownFileType = sourcecode.swift; path = StatusView.swift; sourceTree = "<group>"; };
		DE30AAEF26CCF42700F015C5 /* QRCodeMatch.swift */ = {isa = PBXFileReference; lastKnownFileType = sourcecode.swift; path = QRCodeMatch.swift; sourceTree = "<group>"; };
		DE30E52625DD15CD004CAED2 /* Configuration.swift */ = {isa = PBXFileReference; lastKnownFileType = sourcecode.swift; path = Configuration.swift; sourceTree = "<group>"; };
		DE30E52A25DD182F004CAED2 /* ConfigurationManager.swift */ = {isa = PBXFileReference; lastKnownFileType = sourcecode.swift; path = ConfigurationManager.swift; sourceTree = "<group>"; };
		DE30E53225DD38FD004CAED2 /* RequestPagination.swift */ = {isa = PBXFileReference; lastKnownFileType = sourcecode.swift; path = RequestPagination.swift; sourceTree = "<group>"; };
		DE30E53625DD393D004CAED2 /* RequestSetUserData.swift */ = {isa = PBXFileReference; lastKnownFileType = sourcecode.swift; path = RequestSetUserData.swift; sourceTree = "<group>"; };
		DE30E53925DD397F004CAED2 /* RequestAccess.swift */ = {isa = PBXFileReference; lastKnownFileType = sourcecode.swift; path = RequestAccess.swift; sourceTree = "<group>"; };
		DE30E53D25DD39F6004CAED2 /* Direction.swift */ = {isa = PBXFileReference; lastKnownFileType = sourcecode.swift; path = Direction.swift; sourceTree = "<group>"; };
		DE30E54125DD3AB3004CAED2 /* ResponsePagination.swift */ = {isa = PBXFileReference; lastKnownFileType = sourcecode.swift; path = ResponsePagination.swift; sourceTree = "<group>"; };
		DE30E55325DD3C26004CAED2 /* QRTriggerType.swift */ = {isa = PBXFileReference; lastKnownFileType = sourcecode.swift; path = QRTriggerType.swift; sourceTree = "<group>"; };
		DE30E55E25DD43A4004CAED2 /* DataService.swift */ = {isa = PBXFileReference; lastKnownFileType = sourcecode.swift; path = DataService.swift; sourceTree = "<group>"; };
		DE30E56125DD4565004CAED2 /* ResponseDefault.swift */ = {isa = PBXFileReference; lastKnownFileType = sourcecode.swift; path = ResponseDefault.swift; sourceTree = "<group>"; };
		DE3BBF7625DE862E00963B80 /* QRCodeContent.swift */ = {isa = PBXFileReference; lastKnownFileType = sourcecode.swift; path = QRCodeContent.swift; sourceTree = "<group>"; };
		DE3C747225E3A200002B4E47 /* en */ = {isa = PBXFileReference; lastKnownFileType = text.plist.strings; name = en; path = en.lproj/Localizable.strings; sourceTree = "<group>"; };
		DE3C747625E3A4D4002B4E47 /* tr */ = {isa = PBXFileReference; lastKnownFileType = text.plist.strings; name = tr; path = tr.lproj/Localizable.strings; sourceTree = "<group>"; };
		DE45B1A026C97E0400FB8712 /* ResponseAccessPointList.swift */ = {isa = PBXFileReference; lastKnownFileType = sourcecode.swift; path = ResponseAccessPointList.swift; sourceTree = "<group>"; };
		DE45B1A226C97E1900FB8712 /* ResponseAccessPointListItem.swift */ = {isa = PBXFileReference; lastKnownFileType = sourcecode.swift; path = ResponseAccessPointListItem.swift; sourceTree = "<group>"; };
		DE45B1A426C97E4600FB8712 /* ResponseAccessPointListGeoLocation.swift */ = {isa = PBXFileReference; lastKnownFileType = sourcecode.swift; path = ResponseAccessPointListGeoLocation.swift; sourceTree = "<group>"; };
		DE45B1A626C97E5800FB8712 /* ResponseAccessPointListTerminal.swift */ = {isa = PBXFileReference; lastKnownFileType = sourcecode.swift; path = ResponseAccessPointListTerminal.swift; sourceTree = "<group>"; };
		DE45B1A826C97E6800FB8712 /* ResponseAccessPointListQRCode.swift */ = {isa = PBXFileReference; lastKnownFileType = sourcecode.swift; path = ResponseAccessPointListQRCode.swift; sourceTree = "<group>"; };
		DE45B1AA26C985A500FB8712 /* QRCodeListStateDelegate.swift */ = {isa = PBXFileReference; lastKnownFileType = sourcecode.swift; path = QRCodeListStateDelegate.swift; sourceTree = "<group>"; };
		DE46BB8125E2A971006A727A /* QRCodeListState.swift */ = {isa = PBXFileReference; lastKnownFileType = sourcecode.swift; path = QRCodeListState.swift; sourceTree = "<group>"; };
		DE4B4CDE27AA81FF004CA0AF /* QRCodeScannerDelegate.swift */ = {isa = PBXFileReference; lastKnownFileType = sourcecode.swift; path = QRCodeScannerDelegate.swift; sourceTree = "<group>"; };
		DE57D5AE25DCDE700099D8AB /* LogManager.swift */ = {isa = PBXFileReference; lastKnownFileType = sourcecode.swift; path = LogManager.swift; sourceTree = "<group>"; };
		DE79EE6F25D8899400D8C072 /* Images.xcassets */ = {isa = PBXFileReference; lastKnownFileType = folder.assetcatalog; path = Images.xcassets; sourceTree = "<group>"; };
		DE79EEA925D9986100D8C072 /* PassFlowController.swift */ = {isa = PBXFileReference; lastKnownFileType = sourcecode.swift; path = PassFlowController.swift; sourceTree = "<group>"; };
		DE79EEAD25D9988300D8C072 /* PassFlowView.swift */ = {isa = PBXFileReference; lastKnownFileType = sourcecode.swift; path = PassFlowView.swift; sourceTree = "<group>"; };
		DE90899C26B1FB4500C33845 /* PermissionView.swift */ = {isa = PBXFileReference; lastKnownFileType = sourcecode.swift; path = PermissionView.swift; sourceTree = "<group>"; };
		DE90899E26B2BA5B00C33845 /* NeedPermissionType.swift */ = {isa = PBXFileReference; lastKnownFileType = sourcecode.swift; path = NeedPermissionType.swift; sourceTree = "<group>"; };
		DE9089A026B301F200C33845 /* ResponseMessage.swift */ = {isa = PBXFileReference; lastKnownFileType = sourcecode.swift; path = ResponseMessage.swift; sourceTree = "<group>"; };
		DEB3115E25EC2F0500DD91AF /* BLEScanConfiguration.swift */ = {isa = PBXFileReference; lastKnownFileType = sourcecode.swift; path = BLEScanConfiguration.swift; sourceTree = "<group>"; };
		DEB3116125EC2F6D00DD91AF /* DeviceConnection.swift */ = {isa = PBXFileReference; lastKnownFileType = sourcecode.swift; path = DeviceConnection.swift; sourceTree = "<group>"; };
		DEB3116525EC2F9A00DD91AF /* DeviceConnectionStatus.swift */ = {isa = PBXFileReference; lastKnownFileType = sourcecode.swift; path = DeviceConnectionStatus.swift; sourceTree = "<group>"; };
		DEB3116825EC2FB600DD91AF /* DeviceInRange.swift */ = {isa = PBXFileReference; lastKnownFileType = sourcecode.swift; path = DeviceInRange.swift; sourceTree = "<group>"; };
		DEB3116B25EC2FD900DD91AF /* DeviceCapability.swift */ = {isa = PBXFileReference; lastKnownFileType = sourcecode.swift; path = DeviceCapability.swift; sourceTree = "<group>"; };
		DECEC29026CE50A700280603 /* ConfigurationDefaults.swift */ = {isa = PBXFileReference; lastKnownFileType = sourcecode.swift; path = ConfigurationDefaults.swift; sourceTree = "<group>"; };
		DECEC29226CFF35E00280603 /* LogCodes.swift */ = {isa = PBXFileReference; lastKnownFileType = sourcecode.swift; path = LogCodes.swift; sourceTree = "<group>"; };
		DED2AE1B289016E600CDF0FB /* PassResult.swift */ = {isa = PBXFileReference; lastKnownFileType = sourcecode.swift; path = PassResult.swift; sourceTree = "<group>"; };
		DED2AE1D2890355000CDF0FB /* ResponseAccessPointListClubInfo.swift */ = {isa = PBXFileReference; lastKnownFileType = sourcecode.swift; path = ResponseAccessPointListClubInfo.swift; sourceTree = "<group>"; };
		DEEF5AC8263172B5006004DD /* DeviceConnectionInfo.swift */ = {isa = PBXFileReference; lastKnownFileType = sourcecode.swift; path = DeviceConnectionInfo.swift; sourceTree = "<group>"; };
		DEEFD88026CDACDA00E2E4F9 /* LogLevel.swift */ = {isa = PBXFileReference; lastKnownFileType = sourcecode.swift; path = LogLevel.swift; sourceTree = "<group>"; };
		DEEFD88226CDAD1E00E2E4F9 /* LogItem.swift */ = {isa = PBXFileReference; lastKnownFileType = sourcecode.swift; path = LogItem.swift; sourceTree = "<group>"; };
		DEEFD88426CDAEBF00E2E4F9 /* Date+Extensions.swift */ = {isa = PBXFileReference; lastKnownFileType = sourcecode.swift; path = "Date+Extensions.swift"; sourceTree = "<group>"; };
		DEF0BF8325D2868500397D18 /* Data+Extensions.swift */ = {isa = PBXFileReference; lastKnownFileType = sourcecode.swift; path = "Data+Extensions.swift"; sourceTree = "<group>"; };
		DEF0BF8625D286A600397D18 /* String+Extensions.swift */ = {isa = PBXFileReference; lastKnownFileType = sourcecode.swift; path = "String+Extensions.swift"; sourceTree = "<group>"; };
		DEF0BF8F25D28C7E00397D18 /* PacketHeaders.swift */ = {isa = PBXFileReference; lastKnownFileType = sourcecode.swift; path = PacketHeaders.swift; sourceTree = "<group>"; };
		DEF0BF9325D28CA100397D18 /* StorageKeys.swift */ = {isa = PBXFileReference; lastKnownFileType = sourcecode.swift; path = StorageKeys.swift; sourceTree = "<group>"; };
		DEF0BF9625D28D3000397D18 /* DataTypes.swift */ = {isa = PBXFileReference; lastKnownFileType = sourcecode.swift; path = DataTypes.swift; sourceTree = "<group>"; };
		DEF0BF9925D28D8F00397D18 /* DataParserUtil.swift */ = {isa = PBXFileReference; lastKnownFileType = sourcecode.swift; path = DataParserUtil.swift; sourceTree = "<group>"; };
		DEF0BF9C25D28FB100397D18 /* BLEDataContent.swift */ = {isa = PBXFileReference; lastKnownFileType = sourcecode.swift; path = BLEDataContent.swift; sourceTree = "<group>"; };
		DEF0BF9F25D290E300397D18 /* BLEDataParseFormat.swift */ = {isa = PBXFileReference; lastKnownFileType = sourcecode.swift; path = BLEDataParseFormat.swift; sourceTree = "<group>"; };
		DEF0BFA225D292C100397D18 /* UUIDs.swift */ = {isa = PBXFileReference; lastKnownFileType = sourcecode.swift; path = UUIDs.swift; sourceTree = "<group>"; };
		DEF0BFA525D29E7600397D18 /* StorageManager.swift */ = {isa = PBXFileReference; lastKnownFileType = sourcecode.swift; path = StorageManager.swift; sourceTree = "<group>"; };
		DEF0BFA825D2A0C100397D18 /* JSONUtil.swift */ = {isa = PBXFileReference; lastKnownFileType = sourcecode.swift; path = JSONUtil.swift; sourceTree = "<group>"; };
		DEF0BFAB25D2A2B900397D18 /* ActionError.swift */ = {isa = PBXFileReference; lastKnownFileType = sourcecode.swift; path = ActionError.swift; sourceTree = "<group>"; };
		DEF0BFB225D2AACA00397D18 /* StorageDataDevice.swift */ = {isa = PBXFileReference; lastKnownFileType = sourcecode.swift; path = StorageDataDevice.swift; sourceTree = "<group>"; };
		DEF0BFB525D2AAF600397D18 /* StorageDataUserDetails.swift */ = {isa = PBXFileReference; lastKnownFileType = sourcecode.swift; path = StorageDataUserDetails.swift; sourceTree = "<group>"; };
		DEF0BFBA25D2CB7E00397D18 /* BaseService.swift */ = {isa = PBXFileReference; lastKnownFileType = sourcecode.swift; path = BaseService.swift; sourceTree = "<group>"; };
		DEF0BFBF25D2CD1400397D18 /* RequestError.swift */ = {isa = PBXFileReference; lastKnownFileType = sourcecode.swift; path = RequestError.swift; sourceTree = "<group>"; };
		DEF0BFC325D2D10D00397D18 /* AccessPointService.swift */ = {isa = PBXFileReference; lastKnownFileType = sourcecode.swift; path = AccessPointService.swift; sourceTree = "<group>"; };
		DEFAD85125E8E8E500E63283 /* Int+Extensions.swift */ = {isa = PBXFileReference; lastKnownFileType = sourcecode.swift; path = "Int+Extensions.swift"; sourceTree = "<group>"; };
		DEFEC1A42A28C0F5002899F3 /* PassFlowResultCode.swift */ = {isa = PBXFileReference; lastKnownFileType = sourcecode.swift; path = PassFlowResultCode.swift; sourceTree = "<group>"; };
		DEFEC1A62A28C175002899F3 /* PassFlowStateCode.swift */ = {isa = PBXFileReference; lastKnownFileType = sourcecode.swift; path = PassFlowStateCode.swift; sourceTree = "<group>"; };
		DEFEC1A82A28C223002899F3 /* PassFlowState.swift */ = {isa = PBXFileReference; lastKnownFileType = sourcecode.swift; path = PassFlowState.swift; sourceTree = "<group>"; };
		DEFEC1AA2A28C2DA002899F3 /* PassFlowResult.swift */ = {isa = PBXFileReference; lastKnownFileType = sourcecode.swift; path = PassFlowResult.swift; sourceTree = "<group>"; };
		DEFEC1AC2A28C37B002899F3 /* PassFlowManager.swift */ = {isa = PBXFileReference; lastKnownFileType = sourcecode.swift; path = PassFlowManager.swift; sourceTree = "<group>"; };
/* End PBXFileReference section */

/* Begin PBXFrameworksBuildPhase section */
		DE14A06E25CF4C9200F8B8B3 /* Frameworks */ = {
			isa = PBXFrameworksBuildPhase;
			buildActionMask = 2147483647;
			files = (
			);
			runOnlyForDeploymentPostprocessing = 0;
		};
/* End PBXFrameworksBuildPhase section */

/* Begin PBXGroup section */
		DE04557E25DA71D10071B418 /* Assets */ = {
			isa = PBXGroup;
			children = (
				DE79EE6F25D8899400D8C072 /* Images.xcassets */,
			);
			path = Assets;
			sourceTree = "<group>";
		};
		DE14A06725CF4C9100F8B8B3 = {
			isa = PBXGroup;
			children = (
				DE14A07325CF4C9200F8B8B3 /* MobilePassSDK */,
				DE14A07225CF4C9200F8B8B3 /* Products */,
				DE14A0A525D121C900F8B8B3 /* Frameworks */,
			);
			sourceTree = "<group>";
		};
		DE14A07225CF4C9200F8B8B3 /* Products */ = {
			isa = PBXGroup;
			children = (
				DE14A07125CF4C9200F8B8B3 /* MobilePassSDK.framework */,
			);
			name = Products;
			sourceTree = "<group>";
		};
		DE14A07325CF4C9200F8B8B3 /* MobilePassSDK */ = {
			isa = PBXGroup;
			children = (
				DE30E53C25DD39E5004CAED2 /* Enum */,
				DE2B22EC25D3CCF4003F0451 /* Controller */,
				DE2B22E825D3C97C003F0451 /* View */,
				DEF0BFB925D2CB7000397D18 /* Service */,
				DEF0BF8E25D28C7000397D18 /* Constant */,
				DEF0BF8925D28ABD00397D18 /* Delegate */,
				DEF0BF8225D2867100397D18 /* Util */,
				DE14A0A125D11F6400F8B8B3 /* Model */,
				DE14A09C25D11DB200F8B8B3 /* Manager */,
				DE14A07425CF4C9200F8B8B3 /* MobilePassSDK.h */,
				DE14A07525CF4C9200F8B8B3 /* Info.plist */,
				DE14A09925D11C9500F8B8B3 /* MobilePass.swift */,
				DE3C747325E3A200002B4E47 /* Localizable.strings */,
				DE04557E25DA71D10071B418 /* Assets */,
			);
			path = MobilePassSDK;
			sourceTree = "<group>";
		};
		DE14A09C25D11DB200F8B8B3 /* Manager */ = {
			isa = PBXGroup;
			children = (
				DE14A09D25D11DCB00F8B8B3 /* CryptoManager.swift */,
				DE07C72225D181E100BD7021 /* BluetoothManager.swift */,
				DEF0BFA525D29E7600397D18 /* StorageManager.swift */,
				DE19DF2C25DA3EB700AB250C /* DelegateManager.swift */,
				DE57D5AE25DCDE700099D8AB /* LogManager.swift */,
				DE30E52A25DD182F004CAED2 /* ConfigurationManager.swift */,
				DEFEC1AC2A28C37B002899F3 /* PassFlowManager.swift */,
			);
			path = Manager;
			sourceTree = "<group>";
		};
		DE14A0A125D11F6400F8B8B3 /* Model */ = {
			isa = PBXGroup;
			children = (
				DE30E53125DD38E4004CAED2 /* Response */,
				DE30E53025DD38DC004CAED2 /* Request */,
				DEF0BFBE25D2CD0300397D18 /* Error */,
				DE14A0A225D11F7400F8B8B3 /* CryptoKeyPair.swift */,
				DEF0BF9C25D28FB100397D18 /* BLEDataContent.swift */,
				DEF0BF9F25D290E300397D18 /* BLEDataParseFormat.swift */,
				DEB3115E25EC2F0500DD91AF /* BLEScanConfiguration.swift */,
				DEF0BFB225D2AACA00397D18 /* StorageDataDevice.swift */,
				DEF0BFB525D2AAF600397D18 /* StorageDataUserDetails.swift */,
				DE30E52625DD15CD004CAED2 /* Configuration.swift */,
				DE3BBF7625DE862E00963B80 /* QRCodeContent.swift */,
				DEB3116125EC2F6D00DD91AF /* DeviceConnection.swift */,
				DEEF5AC8263172B5006004DD /* DeviceConnectionInfo.swift */,
				DEB3116525EC2F9A00DD91AF /* DeviceConnectionStatus.swift */,
				DEB3116825EC2FB600DD91AF /* DeviceInRange.swift */,
				DEB3116B25EC2FD900DD91AF /* DeviceCapability.swift */,
				DE30AAEF26CCF42700F015C5 /* QRCodeMatch.swift */,
				DEEFD88226CDAD1E00E2E4F9 /* LogItem.swift */,
				DED2AE1B289016E600CDF0FB /* PassResult.swift */,
				DEFEC1A82A28C223002899F3 /* PassFlowState.swift */,
				DEFEC1AA2A28C2DA002899F3 /* PassFlowResult.swift */,
			);
			path = Model;
			sourceTree = "<group>";
		};
		DE14A0A525D121C900F8B8B3 /* Frameworks */ = {
			isa = PBXGroup;
			children = (
			);
			name = Frameworks;
			sourceTree = "<group>";
		};
		DE2B22E825D3C97C003F0451 /* View */ = {
			isa = PBXGroup;
			children = (
				DE2B22E925D3C9A0003F0451 /* StatusView.swift */,
				DE147D7125D41109000B77C8 /* MapView.swift */,
				DE27229C25D86E8800E1F8F7 /* QRCodeReaderView.swift */,
				DE27229F25D871EC00E1F8F7 /* ScanQRCodeView.swift */,
				DE79EEAD25D9988300D8C072 /* PassFlowView.swift */,
				DE90899C26B1FB4500C33845 /* PermissionView.swift */,
			);
			path = View;
			sourceTree = "<group>";
		};
		DE2B22EC25D3CCF4003F0451 /* Controller */ = {
			isa = PBXGroup;
			children = (
				DE79EEA925D9986100D8C072 /* PassFlowController.swift */,
			);
			path = Controller;
			sourceTree = "<group>";
		};
		DE30E53025DD38DC004CAED2 /* Request */ = {
			isa = PBXGroup;
			children = (
				DE30E53225DD38FD004CAED2 /* RequestPagination.swift */,
				DE30E53625DD393D004CAED2 /* RequestSetUserData.swift */,
				DE30E53925DD397F004CAED2 /* RequestAccess.swift */,
			);
			path = Request;
			sourceTree = "<group>";
		};
		DE30E53125DD38E4004CAED2 /* Response */ = {
			isa = PBXGroup;
			children = (
				DE30E54125DD3AB3004CAED2 /* ResponsePagination.swift */,
				DE30E56125DD4565004CAED2 /* ResponseDefault.swift */,
				DE9089A026B301F200C33845 /* ResponseMessage.swift */,
				DE45B1A026C97E0400FB8712 /* ResponseAccessPointList.swift */,
				DE45B1A226C97E1900FB8712 /* ResponseAccessPointListItem.swift */,
				DE45B1A426C97E4600FB8712 /* ResponseAccessPointListGeoLocation.swift */,
				DE45B1A626C97E5800FB8712 /* ResponseAccessPointListTerminal.swift */,
				DE45B1A826C97E6800FB8712 /* ResponseAccessPointListQRCode.swift */,
				DED2AE1D2890355000CDF0FB /* ResponseAccessPointListClubInfo.swift */,
			);
			path = Response;
			sourceTree = "<group>";
		};
		DE30E53C25DD39E5004CAED2 /* Enum */ = {
			isa = PBXGroup;
			children = (
				DE30E53D25DD39F6004CAED2 /* Direction.swift */,
				DE30E55325DD3C26004CAED2 /* QRTriggerType.swift */,
				DE46BB8125E2A971006A727A /* QRCodeListState.swift */,
				DE90899E26B2BA5B00C33845 /* NeedPermissionType.swift */,
				DEEFD88026CDACDA00E2E4F9 /* LogLevel.swift */,
				DECEC29226CFF35E00280603 /* LogCodes.swift */,
				DEFEC1A42A28C0F5002899F3 /* PassFlowResultCode.swift */,
				DEFEC1A62A28C175002899F3 /* PassFlowStateCode.swift */,
			);
			path = Enum;
			sourceTree = "<group>";
		};
		DEF0BF8225D2867100397D18 /* Util */ = {
			isa = PBXGroup;
			children = (
				DEF0BF8325D2868500397D18 /* Data+Extensions.swift */,
				DEF0BF8625D286A600397D18 /* String+Extensions.swift */,
				DEFAD85125E8E8E500E63283 /* Int+Extensions.swift */,
				DEF0BF9925D28D8F00397D18 /* DataParserUtil.swift */,
				DEF0BFA825D2A0C100397D18 /* JSONUtil.swift */,
				DEEFD88426CDAEBF00E2E4F9 /* Date+Extensions.swift */,
			);
			path = Util;
			sourceTree = "<group>";
		};
		DEF0BF8925D28ABD00397D18 /* Delegate */ = {
			isa = PBXGroup;
			children = (
				DE147D5625D3FC70000B77C8 /* PassFlowDelegate.swift */,
				DE19DF2425DA345300AB250C /* MobilePassDelegate.swift */,
				DE45B1AA26C985A500FB8712 /* QRCodeListStateDelegate.swift */,
				DE4B4CDE27AA81FF004CA0AF /* QRCodeScannerDelegate.swift */,
			);
			path = Delegate;
			sourceTree = "<group>";
		};
		DEF0BF8E25D28C7000397D18 /* Constant */ = {
			isa = PBXGroup;
			children = (
				DEF0BF8F25D28C7E00397D18 /* PacketHeaders.swift */,
				DEF0BF9325D28CA100397D18 /* StorageKeys.swift */,
				DEF0BF9625D28D3000397D18 /* DataTypes.swift */,
				DEF0BFA225D292C100397D18 /* UUIDs.swift */,
				DECEC29026CE50A700280603 /* ConfigurationDefaults.swift */,
			);
			path = Constant;
			sourceTree = "<group>";
		};
		DEF0BFB925D2CB7000397D18 /* Service */ = {
			isa = PBXGroup;
			children = (
				DEF0BFBA25D2CB7E00397D18 /* BaseService.swift */,
				DEF0BFC325D2D10D00397D18 /* AccessPointService.swift */,
				DE30E55E25DD43A4004CAED2 /* DataService.swift */,
			);
			path = Service;
			sourceTree = "<group>";
		};
		DEF0BFBE25D2CD0300397D18 /* Error */ = {
			isa = PBXGroup;
			children = (
				DEF0BFAB25D2A2B900397D18 /* ActionError.swift */,
				DEF0BFBF25D2CD1400397D18 /* RequestError.swift */,
			);
			path = Error;
			sourceTree = "<group>";
		};
/* End PBXGroup section */

/* Begin PBXHeadersBuildPhase section */
		DE14A06C25CF4C9200F8B8B3 /* Headers */ = {
			isa = PBXHeadersBuildPhase;
			buildActionMask = 2147483647;
			files = (
				DE14A07625CF4C9200F8B8B3 /* MobilePassSDK.h in Headers */,
			);
			runOnlyForDeploymentPostprocessing = 0;
		};
/* End PBXHeadersBuildPhase section */

/* Begin PBXNativeTarget section */
		DE14A07025CF4C9200F8B8B3 /* MobilePassSDK */ = {
			isa = PBXNativeTarget;
			buildConfigurationList = DE14A07925CF4C9200F8B8B3 /* Build configuration list for PBXNativeTarget "MobilePassSDK" */;
			buildPhases = (
				DE14A06C25CF4C9200F8B8B3 /* Headers */,
				DE14A06D25CF4C9200F8B8B3 /* Sources */,
				DE14A06E25CF4C9200F8B8B3 /* Frameworks */,
				DE14A06F25CF4C9200F8B8B3 /* Resources */,
			);
			buildRules = (
			);
			dependencies = (
			);
			name = MobilePassSDK;
			packageProductDependencies = (
			);
			productName = MobilePassSDK;
			productReference = DE14A07125CF4C9200F8B8B3 /* MobilePassSDK.framework */;
			productType = "com.apple.product-type.framework";
		};
/* End PBXNativeTarget section */

/* Begin PBXProject section */
		DE14A06825CF4C9100F8B8B3 /* Project object */ = {
			isa = PBXProject;
			attributes = {
				LastUpgradeCheck = 1230;
				TargetAttributes = {
					DE14A07025CF4C9200F8B8B3 = {
						CreatedOnToolsVersion = 12.3;
						LastSwiftMigration = 1230;
					};
				};
			};
			buildConfigurationList = DE14A06B25CF4C9100F8B8B3 /* Build configuration list for PBXProject "MobilePassSDK" */;
			compatibilityVersion = "Xcode 9.3";
			developmentRegion = en;
			hasScannedForEncodings = 0;
			knownRegions = (
				en,
				tr,
			);
			mainGroup = DE14A06725CF4C9100F8B8B3;
			packageReferences = (
			);
			productRefGroup = DE14A07225CF4C9200F8B8B3 /* Products */;
			projectDirPath = "";
			projectRoot = "";
			targets = (
				DE14A07025CF4C9200F8B8B3 /* MobilePassSDK */,
			);
		};
/* End PBXProject section */

/* Begin PBXResourcesBuildPhase section */
		DE14A06F25CF4C9200F8B8B3 /* Resources */ = {
			isa = PBXResourcesBuildPhase;
			buildActionMask = 2147483647;
			files = (
				DE79EE7025D8899400D8C072 /* Images.xcassets in Resources */,
				DE3C747125E3A200002B4E47 /* Localizable.strings in Resources */,
			);
			runOnlyForDeploymentPostprocessing = 0;
		};
/* End PBXResourcesBuildPhase section */

/* Begin PBXSourcesBuildPhase section */
		DE14A06D25CF4C9200F8B8B3 /* Sources */ = {
			isa = PBXSourcesBuildPhase;
			buildActionMask = 2147483647;
			files = (
				DE57D5AF25DCDE700099D8AB /* LogManager.swift in Sources */,
				DE30E53A25DD397F004CAED2 /* RequestAccess.swift in Sources */,
				DEF0BFC425D2D10D00397D18 /* AccessPointService.swift in Sources */,
				DEF0BFA025D290E300397D18 /* BLEDataParseFormat.swift in Sources */,
				DE45B1AB26C985A500FB8712 /* QRCodeListStateDelegate.swift in Sources */,
				DEB3116C25EC2FD900DD91AF /* DeviceCapability.swift in Sources */,
				DEF0BFA925D2A0C100397D18 /* JSONUtil.swift in Sources */,
				DECEC29126CE50A700280603 /* ConfigurationDefaults.swift in Sources */,
				DED2AE1E2890355000CDF0FB /* ResponseAccessPointListClubInfo.swift in Sources */,
				DE46BB8225E2A971006A727A /* QRCodeListState.swift in Sources */,
				DE9089A126B301F200C33845 /* ResponseMessage.swift in Sources */,
				DEEFD88526CDAEBF00E2E4F9 /* Date+Extensions.swift in Sources */,
				DEB3116225EC2F6D00DD91AF /* DeviceConnection.swift in Sources */,
				DEEFD88326CDAD1E00E2E4F9 /* LogItem.swift in Sources */,
				DE30E55F25DD43A4004CAED2 /* DataService.swift in Sources */,
				DE90899D26B1FB4500C33845 /* PermissionView.swift in Sources */,
				DE14A09E25D11DCB00F8B8B3 /* CryptoManager.swift in Sources */,
				DE45B1A726C97E5800FB8712 /* ResponseAccessPointListTerminal.swift in Sources */,
				DECEC29326CFF35E00280603 /* LogCodes.swift in Sources */,
				DE2722A025D871EC00E1F8F7 /* ScanQRCodeView.swift in Sources */,
				DE45B1A326C97E1900FB8712 /* ResponseAccessPointListItem.swift in Sources */,
				DEF0BFA325D292C100397D18 /* UUIDs.swift in Sources */,
				DE14A09A25D11C9500F8B8B3 /* MobilePass.swift in Sources */,
				DE90899F26B2BA5B00C33845 /* NeedPermissionType.swift in Sources */,
				DEB3116625EC2F9A00DD91AF /* DeviceConnectionStatus.swift in Sources */,
				DE79EEAA25D9986100D8C072 /* PassFlowController.swift in Sources */,
				DEEF5AC9263172B5006004DD /* DeviceConnectionInfo.swift in Sources */,
				DEF0BFB325D2AACA00397D18 /* StorageDataDevice.swift in Sources */,
				DEF0BF9025D28C7E00397D18 /* PacketHeaders.swift in Sources */,
				DEFEC1A72A28C175002899F3 /* PassFlowStateCode.swift in Sources */,
				DE07C72325D181E100BD7021 /* BluetoothManager.swift in Sources */,
				DEF0BFBB25D2CB7E00397D18 /* BaseService.swift in Sources */,
				DE45B1A126C97E0400FB8712 /* ResponseAccessPointList.swift in Sources */,
				DEFEC1AB2A28C2DA002899F3 /* PassFlowResult.swift in Sources */,
				DEFEC1AD2A28C37B002899F3 /* PassFlowManager.swift in Sources */,
				DE14A0A325D11F7400F8B8B3 /* CryptoKeyPair.swift in Sources */,
				DEB3115F25EC2F0500DD91AF /* BLEScanConfiguration.swift in Sources */,
				DEEFD88126CDACDA00E2E4F9 /* LogLevel.swift in Sources */,
				DEF0BF8725D286A600397D18 /* String+Extensions.swift in Sources */,
				DE30E52725DD15CD004CAED2 /* Configuration.swift in Sources */,
				DE30E53725DD393D004CAED2 /* RequestSetUserData.swift in Sources */,
				DED2AE1C289016E600CDF0FB /* PassResult.swift in Sources */,
				DE45B1A926C97E6800FB8712 /* ResponseAccessPointListQRCode.swift in Sources */,
				DE3BBF7725DE862E00963B80 /* QRCodeContent.swift in Sources */,
				DE30E55425DD3C26004CAED2 /* QRTriggerType.swift in Sources */,
				DE30E53325DD38FD004CAED2 /* RequestPagination.swift in Sources */,
				DEF0BF9A25D28D8F00397D18 /* DataParserUtil.swift in Sources */,
				DEF0BF9425D28CA100397D18 /* StorageKeys.swift in Sources */,
				DEF0BFB625D2AAF600397D18 /* StorageDataUserDetails.swift in Sources */,
				DE4B4CDF27AA81FF004CA0AF /* QRCodeScannerDelegate.swift in Sources */,
				DEFEC1A52A28C0F5002899F3 /* PassFlowResultCode.swift in Sources */,
				DE45B1A526C97E4600FB8712 /* ResponseAccessPointListGeoLocation.swift in Sources */,
				DE30E52B25DD182F004CAED2 /* ConfigurationManager.swift in Sources */,
				DEF0BFC025D2CD1400397D18 /* RequestError.swift in Sources */,
				DEB3116925EC2FB600DD91AF /* DeviceInRange.swift in Sources */,
				DE27229D25D86E8900E1F8F7 /* QRCodeReaderView.swift in Sources */,
				DE19DF2525DA345300AB250C /* MobilePassDelegate.swift in Sources */,
				DEF0BF9725D28D3000397D18 /* DataTypes.swift in Sources */,
				DEF0BF8425D2868500397D18 /* Data+Extensions.swift in Sources */,
				DEFAD85225E8E8E500E63283 /* Int+Extensions.swift in Sources */,
				DEFEC1A92A28C223002899F3 /* PassFlowState.swift in Sources */,
				DE147D7225D41109000B77C8 /* MapView.swift in Sources */,
				DEF0BFA625D29E7600397D18 /* StorageManager.swift in Sources */,
				DE30E56225DD4565004CAED2 /* ResponseDefault.swift in Sources */,
				DE79EEAE25D9988300D8C072 /* PassFlowView.swift in Sources */,
				DE2B22EA25D3C9A0003F0451 /* StatusView.swift in Sources */,
				DE147D5725D3FC70000B77C8 /* PassFlowDelegate.swift in Sources */,
				DEF0BFAC25D2A2B900397D18 /* ActionError.swift in Sources */,
				DE30E54225DD3AB3004CAED2 /* ResponsePagination.swift in Sources */,
				DE19DF2D25DA3EB700AB250C /* DelegateManager.swift in Sources */,
				DEF0BF9D25D28FB100397D18 /* BLEDataContent.swift in Sources */,
				DE30E53E25DD39F6004CAED2 /* Direction.swift in Sources */,
				DE30AAF026CCF42700F015C5 /* QRCodeMatch.swift in Sources */,
			);
			runOnlyForDeploymentPostprocessing = 0;
		};
/* End PBXSourcesBuildPhase section */

/* Begin PBXVariantGroup section */
		DE3C747325E3A200002B4E47 /* Localizable.strings */ = {
			isa = PBXVariantGroup;
			children = (
				DE3C747225E3A200002B4E47 /* en */,
				DE3C747625E3A4D4002B4E47 /* tr */,
			);
			name = Localizable.strings;
			sourceTree = "<group>";
		};
/* End PBXVariantGroup section */

/* Begin XCBuildConfiguration section */
		DE14A07725CF4C9200F8B8B3 /* Debug */ = {
			isa = XCBuildConfiguration;
			buildSettings = {
				ALWAYS_SEARCH_USER_PATHS = NO;
				CLANG_ANALYZER_LOCALIZABILITY_NONLOCALIZED = YES;
				CLANG_ANALYZER_NONNULL = YES;
				CLANG_ANALYZER_NUMBER_OBJECT_CONVERSION = YES_AGGRESSIVE;
				CLANG_CXX_LANGUAGE_STANDARD = "gnu++14";
				CLANG_CXX_LIBRARY = "libc++";
				CLANG_ENABLE_MODULES = YES;
				CLANG_ENABLE_OBJC_ARC = YES;
				CLANG_ENABLE_OBJC_WEAK = YES;
				CLANG_WARN_BLOCK_CAPTURE_AUTORELEASING = YES;
				CLANG_WARN_BOOL_CONVERSION = YES;
				CLANG_WARN_COMMA = YES;
				CLANG_WARN_CONSTANT_CONVERSION = YES;
				CLANG_WARN_DEPRECATED_OBJC_IMPLEMENTATIONS = YES;
				CLANG_WARN_DIRECT_OBJC_ISA_USAGE = YES_ERROR;
				CLANG_WARN_DOCUMENTATION_COMMENTS = YES;
				CLANG_WARN_EMPTY_BODY = YES;
				CLANG_WARN_ENUM_CONVERSION = YES;
				CLANG_WARN_INFINITE_RECURSION = YES;
				CLANG_WARN_INT_CONVERSION = YES;
				CLANG_WARN_NON_LITERAL_NULL_CONVERSION = YES;
				CLANG_WARN_OBJC_IMPLICIT_RETAIN_SELF = YES;
				CLANG_WARN_OBJC_LITERAL_CONVERSION = YES;
				CLANG_WARN_OBJC_ROOT_CLASS = YES_ERROR;
				CLANG_WARN_QUOTED_INCLUDE_IN_FRAMEWORK_HEADER = YES;
				CLANG_WARN_RANGE_LOOP_ANALYSIS = YES;
				CLANG_WARN_STRICT_PROTOTYPES = YES;
				CLANG_WARN_SUSPICIOUS_MOVE = YES;
				CLANG_WARN_UNGUARDED_AVAILABILITY = YES_AGGRESSIVE;
				CLANG_WARN_UNREACHABLE_CODE = YES;
				CLANG_WARN__DUPLICATE_METHOD_MATCH = YES;
				COPY_PHASE_STRIP = NO;
				CURRENT_PROJECT_VERSION = 1;
				DEAD_CODE_STRIPPING = NO;
				DEBUG_INFORMATION_FORMAT = dwarf;
				ENABLE_STRICT_OBJC_MSGSEND = YES;
				ENABLE_TESTABILITY = YES;
				GCC_C_LANGUAGE_STANDARD = gnu11;
				GCC_DYNAMIC_NO_PIC = NO;
				GCC_NO_COMMON_BLOCKS = YES;
				GCC_OPTIMIZATION_LEVEL = 0;
				GCC_PREPROCESSOR_DEFINITIONS = (
					"DEBUG=1",
					"$(inherited)",
				);
				GCC_WARN_64_TO_32_BIT_CONVERSION = YES;
				GCC_WARN_ABOUT_RETURN_TYPE = YES_ERROR;
				GCC_WARN_UNDECLARED_SELECTOR = YES;
				GCC_WARN_UNINITIALIZED_AUTOS = YES_AGGRESSIVE;
				GCC_WARN_UNUSED_FUNCTION = YES;
				GCC_WARN_UNUSED_VARIABLE = YES;
				IPHONEOS_DEPLOYMENT_TARGET = 12.0;
				MTL_ENABLE_DEBUG_INFO = INCLUDE_SOURCE;
				MTL_FAST_MATH = YES;
				ONLY_ACTIVE_ARCH = YES;
				SDKROOT = iphoneos;
				SWIFT_ACTIVE_COMPILATION_CONDITIONS = DEBUG;
				SWIFT_OPTIMIZATION_LEVEL = "-Onone";
				VERSIONING_SYSTEM = "apple-generic";
				VERSION_INFO_PREFIX = "";
			};
			name = Debug;
		};
		DE14A07825CF4C9200F8B8B3 /* Release */ = {
			isa = XCBuildConfiguration;
			buildSettings = {
				ALWAYS_SEARCH_USER_PATHS = NO;
				CLANG_ANALYZER_LOCALIZABILITY_NONLOCALIZED = YES;
				CLANG_ANALYZER_NONNULL = YES;
				CLANG_ANALYZER_NUMBER_OBJECT_CONVERSION = YES_AGGRESSIVE;
				CLANG_CXX_LANGUAGE_STANDARD = "gnu++14";
				CLANG_CXX_LIBRARY = "libc++";
				CLANG_ENABLE_MODULES = YES;
				CLANG_ENABLE_OBJC_ARC = YES;
				CLANG_ENABLE_OBJC_WEAK = YES;
				CLANG_WARN_BLOCK_CAPTURE_AUTORELEASING = YES;
				CLANG_WARN_BOOL_CONVERSION = YES;
				CLANG_WARN_COMMA = YES;
				CLANG_WARN_CONSTANT_CONVERSION = YES;
				CLANG_WARN_DEPRECATED_OBJC_IMPLEMENTATIONS = YES;
				CLANG_WARN_DIRECT_OBJC_ISA_USAGE = YES_ERROR;
				CLANG_WARN_DOCUMENTATION_COMMENTS = YES;
				CLANG_WARN_EMPTY_BODY = YES;
				CLANG_WARN_ENUM_CONVERSION = YES;
				CLANG_WARN_INFINITE_RECURSION = YES;
				CLANG_WARN_INT_CONVERSION = YES;
				CLANG_WARN_NON_LITERAL_NULL_CONVERSION = YES;
				CLANG_WARN_OBJC_IMPLICIT_RETAIN_SELF = YES;
				CLANG_WARN_OBJC_LITERAL_CONVERSION = YES;
				CLANG_WARN_OBJC_ROOT_CLASS = YES_ERROR;
				CLANG_WARN_QUOTED_INCLUDE_IN_FRAMEWORK_HEADER = YES;
				CLANG_WARN_RANGE_LOOP_ANALYSIS = YES;
				CLANG_WARN_STRICT_PROTOTYPES = YES;
				CLANG_WARN_SUSPICIOUS_MOVE = YES;
				CLANG_WARN_UNGUARDED_AVAILABILITY = YES_AGGRESSIVE;
				CLANG_WARN_UNREACHABLE_CODE = YES;
				CLANG_WARN__DUPLICATE_METHOD_MATCH = YES;
				COPY_PHASE_STRIP = NO;
				CURRENT_PROJECT_VERSION = 1;
				DEAD_CODE_STRIPPING = NO;
				DEBUG_INFORMATION_FORMAT = "dwarf-with-dsym";
				ENABLE_NS_ASSERTIONS = NO;
				ENABLE_STRICT_OBJC_MSGSEND = YES;
				GCC_C_LANGUAGE_STANDARD = gnu11;
				GCC_NO_COMMON_BLOCKS = YES;
				GCC_OPTIMIZATION_LEVEL = 0;
				GCC_WARN_64_TO_32_BIT_CONVERSION = YES;
				GCC_WARN_ABOUT_RETURN_TYPE = YES_ERROR;
				GCC_WARN_UNDECLARED_SELECTOR = YES;
				GCC_WARN_UNINITIALIZED_AUTOS = YES_AGGRESSIVE;
				GCC_WARN_UNUSED_FUNCTION = YES;
				GCC_WARN_UNUSED_VARIABLE = YES;
				IPHONEOS_DEPLOYMENT_TARGET = 12.0;
				MTL_ENABLE_DEBUG_INFO = NO;
				MTL_FAST_MATH = YES;
				SDKROOT = iphoneos;
				SWIFT_COMPILATION_MODE = wholemodule;
				SWIFT_OPTIMIZATION_LEVEL = "-Onone";
				VALIDATE_PRODUCT = YES;
				VERSIONING_SYSTEM = "apple-generic";
				VERSION_INFO_PREFIX = "";
			};
			name = Release;
		};
		DE14A07A25CF4C9200F8B8B3 /* Debug */ = {
			isa = XCBuildConfiguration;
			buildSettings = {
				APPLY_RULES_IN_COPY_HEADERS = NO;
				BUILD_LIBRARY_FOR_DISTRIBUTION = YES;
				CLANG_ENABLE_MODULES = YES;
				CODE_SIGN_STYLE = Automatic;
				DEFINES_MODULE = YES;
				DEVELOPMENT_TEAM = C65UA55AW7;
				DYLIB_COMPATIBILITY_VERSION = 1;
				DYLIB_CURRENT_VERSION = 1;
				DYLIB_INSTALL_NAME_BASE = "@rpath";
				INFOPLIST_FILE = MobilePassSDK/Info.plist;
				INSTALL_PATH = "$(LOCAL_LIBRARY_DIR)/Frameworks";
				IPHONEOS_DEPLOYMENT_TARGET = 12.0;
				LD_RUNPATH_SEARCH_PATHS = (
					"$(inherited)",
					"@executable_path/Frameworks",
					"@loader_path/Frameworks",
					"$(SRCROOT)",
				);
				MARKETING_VERSION = 1.6.3;
				PRODUCT_BUNDLE_IDENTIFIER = com.armongate.MobilePassSDK;
				PRODUCT_NAME = "$(TARGET_NAME:c99extidentifier)";
				SKIP_INSTALL = YES;
				SUPPORTS_MACCATALYST = NO;
				SWIFT_OPTIMIZATION_LEVEL = "-Onone";
				SWIFT_VERSION = 5.0;
				TARGETED_DEVICE_FAMILY = "1,2";
			};
			name = Debug;
		};
		DE14A07B25CF4C9200F8B8B3 /* Release */ = {
			isa = XCBuildConfiguration;
			buildSettings = {
				APPLY_RULES_IN_COPY_HEADERS = NO;
				BUILD_LIBRARY_FOR_DISTRIBUTION = YES;
				CLANG_ENABLE_MODULES = YES;
				CODE_SIGN_STYLE = Automatic;
				DEFINES_MODULE = YES;
				DEVELOPMENT_TEAM = C65UA55AW7;
				DYLIB_COMPATIBILITY_VERSION = 1;
				DYLIB_CURRENT_VERSION = 1;
				DYLIB_INSTALL_NAME_BASE = "@rpath";
				INFOPLIST_FILE = MobilePassSDK/Info.plist;
				INSTALL_PATH = "$(LOCAL_LIBRARY_DIR)/Frameworks";
				IPHONEOS_DEPLOYMENT_TARGET = 12.0;
				LD_RUNPATH_SEARCH_PATHS = (
					"$(inherited)",
					"@executable_path/Frameworks",
					"@loader_path/Frameworks",
					"$(SRCROOT)",
				);
				MARKETING_VERSION = 1.6.3;
				PRODUCT_BUNDLE_IDENTIFIER = com.armongate.MobilePassSDK;
				PRODUCT_NAME = "$(TARGET_NAME:c99extidentifier)";
				SKIP_INSTALL = YES;
				SUPPORTS_MACCATALYST = NO;
				SWIFT_VERSION = 5.0;
				TARGETED_DEVICE_FAMILY = "1,2";
			};
			name = Release;
		};
/* End XCBuildConfiguration section */

/* Begin XCConfigurationList section */
		DE14A06B25CF4C9100F8B8B3 /* Build configuration list for PBXProject "MobilePassSDK" */ = {
			isa = XCConfigurationList;
			buildConfigurations = (
				DE14A07725CF4C9200F8B8B3 /* Debug */,
				DE14A07825CF4C9200F8B8B3 /* Release */,
			);
			defaultConfigurationIsVisible = 0;
			defaultConfigurationName = Release;
		};
		DE14A07925CF4C9200F8B8B3 /* Build configuration list for PBXNativeTarget "MobilePassSDK" */ = {
			isa = XCConfigurationList;
			buildConfigurations = (
				DE14A07A25CF4C9200F8B8B3 /* Debug */,
				DE14A07B25CF4C9200F8B8B3 /* Release */,
			);
			defaultConfigurationIsVisible = 0;
			defaultConfigurationName = Release;
		};
/* End XCConfigurationList section */
	};
	rootObject = DE14A06825CF4C9100F8B8B3 /* Project object */;
}
